// !$*UTF8*$!
{
	archiveVersion = 1;
	classes = {
	};
	objectVersion = 50;
	objects = {

/* Begin PBXBuildFile section */
		0F1C1EFC26542394004F67D5 /* AppDelegate.swift in Sources */ = {isa = PBXBuildFile; fileRef = 0F1C1EFB26542394004F67D5 /* AppDelegate.swift */; };
		0F1C1EFE26542394004F67D5 /* SceneDelegate.swift in Sources */ = {isa = PBXBuildFile; fileRef = 0F1C1EFD26542394004F67D5 /* SceneDelegate.swift */; };
		0F1C1F0026542394004F67D5 /* ViewController.swift in Sources */ = {isa = PBXBuildFile; fileRef = 0F1C1EFF26542394004F67D5 /* ViewController.swift */; };
		0F1C1F0326542394004F67D5 /* Main.storyboard in Resources */ = {isa = PBXBuildFile; fileRef = 0F1C1F0126542394004F67D5 /* Main.storyboard */; };
		0F1C1F0526542394004F67D5 /* Assets.xcassets in Resources */ = {isa = PBXBuildFile; fileRef = 0F1C1F0426542394004F67D5 /* Assets.xcassets */; };
		0F1C1F0826542394004F67D5 /* LaunchScreen.storyboard in Resources */ = {isa = PBXBuildFile; fileRef = 0F1C1F0626542394004F67D5 /* LaunchScreen.storyboard */; };
		0FAD44802654316800352807 /* LaunchViewController.swift in Sources */ = {isa = PBXBuildFile; fileRef = 0FAD447E2654316800352807 /* LaunchViewController.swift */; };
		0FAD44812654316800352807 /* LaunchViewController.xib in Resources */ = {isa = PBXBuildFile; fileRef = 0FAD447F2654316800352807 /* LaunchViewController.xib */; };
		0FAD44892654335B00352807 /* RequestCameraAuthorizationView.swift in Sources */ = {isa = PBXBuildFile; fileRef = 0FAD44882654335B00352807 /* RequestCameraAuthorizationView.swift */; };
		0FAD448D2654339200352807 /* RequestCameraAuthorizationView.xib in Resources */ = {isa = PBXBuildFile; fileRef = 0FAD448C2654339200352807 /* RequestCameraAuthorizationView.xib */; };
/* End PBXBuildFile section */

/* Begin PBXFileReference section */
		0F1C1EF826542394004F67D5 /* dashcam.app */ = {isa = PBXFileReference; explicitFileType = wrapper.application; includeInIndex = 0; path = dashcam.app; sourceTree = BUILT_PRODUCTS_DIR; };
		0F1C1EFB26542394004F67D5 /* AppDelegate.swift */ = {isa = PBXFileReference; lastKnownFileType = sourcecode.swift; path = AppDelegate.swift; sourceTree = "<group>"; };
		0F1C1EFD26542394004F67D5 /* SceneDelegate.swift */ = {isa = PBXFileReference; lastKnownFileType = sourcecode.swift; path = SceneDelegate.swift; sourceTree = "<group>"; };
		0F1C1EFF26542394004F67D5 /* ViewController.swift */ = {isa = PBXFileReference; lastKnownFileType = sourcecode.swift; path = ViewController.swift; sourceTree = "<group>"; };
		0F1C1F0226542394004F67D5 /* Base */ = {isa = PBXFileReference; lastKnownFileType = file.storyboard; name = Base; path = Base.lproj/Main.storyboard; sourceTree = "<group>"; };
		0F1C1F0426542394004F67D5 /* Assets.xcassets */ = {isa = PBXFileReference; lastKnownFileType = folder.assetcatalog; path = Assets.xcassets; sourceTree = "<group>"; };
		0F1C1F0726542394004F67D5 /* Base */ = {isa = PBXFileReference; lastKnownFileType = file.storyboard; name = Base; path = Base.lproj/LaunchScreen.storyboard; sourceTree = "<group>"; };
		0F1C1F0926542394004F67D5 /* Info.plist */ = {isa = PBXFileReference; lastKnownFileType = text.plist.xml; path = Info.plist; sourceTree = "<group>"; };
		0FAD447E2654316800352807 /* LaunchViewController.swift */ = {isa = PBXFileReference; lastKnownFileType = sourcecode.swift; path = LaunchViewController.swift; sourceTree = "<group>"; };
		0FAD447F2654316800352807 /* LaunchViewController.xib */ = {isa = PBXFileReference; lastKnownFileType = file.xib; path = LaunchViewController.xib; sourceTree = "<group>"; };
		0FAD44882654335B00352807 /* RequestCameraAuthorizationView.swift */ = {isa = PBXFileReference; lastKnownFileType = sourcecode.swift; path = RequestCameraAuthorizationView.swift; sourceTree = "<group>"; };
		0FAD448C2654339200352807 /* RequestCameraAuthorizationView.xib */ = {isa = PBXFileReference; lastKnownFileType = file.xib; path = RequestCameraAuthorizationView.xib; sourceTree = "<group>"; };
/* End PBXFileReference section */

/* Begin PBXFrameworksBuildPhase section */
		0F1C1EF526542393004F67D5 /* Frameworks */ = {
			isa = PBXFrameworksBuildPhase;
			buildActionMask = 2147483647;
			files = (
			);
			runOnlyForDeploymentPostprocessing = 0;
		};
/* End PBXFrameworksBuildPhase section */

/* Begin PBXGroup section */
		0F1C1EEF26542393004F67D5 = {
			isa = PBXGroup;
			children = (
				0F1C1EFA26542394004F67D5 /* dashcam */,
				0F1C1EF926542394004F67D5 /* Products */,
			);
			sourceTree = "<group>";
		};
		0F1C1EF926542394004F67D5 /* Products */ = {
			isa = PBXGroup;
			children = (
				0F1C1EF826542394004F67D5 /* dashcam.app */,
			);
			name = Products;
			sourceTree = "<group>";
		};
		0F1C1EFA26542394004F67D5 /* dashcam */ = {
			isa = PBXGroup;
			children = (
				0FAD44842654330200352807 /* Views */,
				0FAD447A265430F500352807 /* ViewControllers */,
				0F1C1EFB26542394004F67D5 /* AppDelegate.swift */,
				0F1C1EFD26542394004F67D5 /* SceneDelegate.swift */,
				0F1C1F0126542394004F67D5 /* Main.storyboard */,
				0F1C1F0426542394004F67D5 /* Assets.xcassets */,
				0F1C1F0626542394004F67D5 /* LaunchScreen.storyboard */,
				0F1C1F0926542394004F67D5 /* Info.plist */,
			);
			path = dashcam;
			sourceTree = "<group>";
		};
		0FAD447A265430F500352807 /* ViewControllers */ = {
			isa = PBXGroup;
			children = (
				0FAD447C2654310F00352807 /* Launch */,
				0FAD447B265430FE00352807 /* ViewController */,
			);
			path = ViewControllers;
			sourceTree = "<group>";
		};
		0FAD447B265430FE00352807 /* ViewController */ = {
			isa = PBXGroup;
			children = (
				0F1C1EFF26542394004F67D5 /* ViewController.swift */,
			);
			path = ViewController;
			sourceTree = "<group>";
		};
		0FAD447C2654310F00352807 /* Launch */ = {
			isa = PBXGroup;
			children = (
				0FAD447E2654316800352807 /* LaunchViewController.swift */,
				0FAD447F2654316800352807 /* LaunchViewController.xib */,
			);
			path = Launch;
			sourceTree = "<group>";
		};
		0FAD44842654330200352807 /* Views */ = {
			isa = PBXGroup;
			children = (
				0FAD44862654331300352807 /* RequestAuthorization */,
			);
			path = Views;
			sourceTree = "<group>";
		};
		0FAD44862654331300352807 /* RequestAuthorization */ = {
			isa = PBXGroup;
			children = (
				0FAD44872654331C00352807 /* Camera */,
			);
			path = RequestAuthorization;
			sourceTree = "<group>";
		};
		0FAD44872654331C00352807 /* Camera */ = {
			isa = PBXGroup;
			children = (
				0FAD44882654335B00352807 /* RequestCameraAuthorizationView.swift */,
				0FAD448C2654339200352807 /* RequestCameraAuthorizationView.xib */,
			);
			path = Camera;
			sourceTree = "<group>";
		};
/* End PBXGroup section */

/* Begin PBXNativeTarget section */
		0F1C1EF726542393004F67D5 /* dashcam */ = {
			isa = PBXNativeTarget;
			buildConfigurationList = 0F1C1F0C26542394004F67D5 /* Build configuration list for PBXNativeTarget "dashcam" */;
			buildPhases = (
				0F1C1EF426542393004F67D5 /* Sources */,
				0F1C1EF526542393004F67D5 /* Frameworks */,
				0F1C1EF626542393004F67D5 /* Resources */,
			);
			buildRules = (
			);
			dependencies = (
			);
			name = dashcam;
			productName = dashcam;
			productReference = 0F1C1EF826542394004F67D5 /* dashcam.app */;
			productType = "com.apple.product-type.application";
		};
/* End PBXNativeTarget section */

/* Begin PBXProject section */
		0F1C1EF026542393004F67D5 /* Project object */ = {
			isa = PBXProject;
			attributes = {
				LastSwiftUpdateCheck = 1240;
				LastUpgradeCheck = 1240;
				TargetAttributes = {
					0F1C1EF726542393004F67D5 = {
						CreatedOnToolsVersion = 12.4;
					};
				};
			};
			buildConfigurationList = 0F1C1EF326542393004F67D5 /* Build configuration list for PBXProject "dashcam" */;
			compatibilityVersion = "Xcode 9.3";
			developmentRegion = en;
			hasScannedForEncodings = 0;
			knownRegions = (
				en,
				Base,
			);
			mainGroup = 0F1C1EEF26542393004F67D5;
			productRefGroup = 0F1C1EF926542394004F67D5 /* Products */;
			projectDirPath = "";
			projectRoot = "";
			targets = (
				0F1C1EF726542393004F67D5 /* dashcam */,
			);
		};
/* End PBXProject section */

/* Begin PBXResourcesBuildPhase section */
		0F1C1EF626542393004F67D5 /* Resources */ = {
			isa = PBXResourcesBuildPhase;
			buildActionMask = 2147483647;
			files = (
				0FAD448D2654339200352807 /* RequestCameraAuthorizationView.xib in Resources */,
				0F1C1F0826542394004F67D5 /* LaunchScreen.storyboard in Resources */,
				0F1C1F0526542394004F67D5 /* Assets.xcassets in Resources */,
				0F1C1F0326542394004F67D5 /* Main.storyboard in Resources */,
				0FAD44812654316800352807 /* LaunchViewController.xib in Resources */,
			);
			runOnlyForDeploymentPostprocessing = 0;
		};
/* End PBXResourcesBuildPhase section */

/* Begin PBXSourcesBuildPhase section */
		0F1C1EF426542393004F67D5 /* Sources */ = {
			isa = PBXSourcesBuildPhase;
			buildActionMask = 2147483647;
			files = (
				0F1C1F0026542394004F67D5 /* ViewController.swift in Sources */,
				0F1C1EFC26542394004F67D5 /* AppDelegate.swift in Sources */,
				0F1C1EFE26542394004F67D5 /* SceneDelegate.swift in Sources */,
				0FAD44892654335B00352807 /* RequestCameraAuthorizationView.swift in Sources */,
				0FAD44802654316800352807 /* LaunchViewController.swift in Sources */,
			);
			runOnlyForDeploymentPostprocessing = 0;
		};
/* End PBXSourcesBuildPhase section */

/* Begin PBXVariantGroup section */
		0F1C1F0126542394004F67D5 /* Main.storyboard */ = {
			isa = PBXVariantGroup;
			children = (
				0F1C1F0226542394004F67D5 /* Base */,
			);
			name = Main.storyboard;
			sourceTree = "<group>";
		};
		0F1C1F0626542394004F67D5 /* LaunchScreen.storyboard */ = {
			isa = PBXVariantGroup;
			children = (
				0F1C1F0726542394004F67D5 /* Base */,
			);
			name = LaunchScreen.storyboard;
			sourceTree = "<group>";
		};
/* End PBXVariantGroup section */

/* Begin XCBuildConfiguration section */
		0F1C1F0A26542394004F67D5 /* Debug */ = {
			isa = XCBuildConfiguration;
			buildSettings = {
				ALWAYS_SEARCH_USER_PATHS = NO;
				CLANG_ANALYZER_NONNULL = YES;
				CLANG_ANALYZER_NUMBER_OBJECT_CONVERSION = YES_AGGRESSIVE;
				CLANG_CXX_LANGUAGE_STANDARD = "gnu++14";
				CLANG_CXX_LIBRARY = "libc++";
				CLANG_ENABLE_MODULES = YES;
				CLANG_ENABLE_OBJC_ARC = YES;
				CLANG_ENABLE_OBJC_WEAK = YES;
				CLANG_WARN_BLOCK_CAPTURE_AUTORELEASING = YES;
				CLANG_WARN_BOOL_CONVERSION = YES;
				CLANG_WARN_COMMA = YES;
				CLANG_WARN_CONSTANT_CONVERSION = YES;
				CLANG_WARN_DEPRECATED_OBJC_IMPLEMENTATIONS = YES;
				CLANG_WARN_DIRECT_OBJC_ISA_USAGE = YES_ERROR;
				CLANG_WARN_DOCUMENTATION_COMMENTS = YES;
				CLANG_WARN_EMPTY_BODY = YES;
				CLANG_WARN_ENUM_CONVERSION = YES;
				CLANG_WARN_INFINITE_RECURSION = YES;
				CLANG_WARN_INT_CONVERSION = YES;
				CLANG_WARN_NON_LITERAL_NULL_CONVERSION = YES;
				CLANG_WARN_OBJC_IMPLICIT_RETAIN_SELF = YES;
				CLANG_WARN_OBJC_LITERAL_CONVERSION = YES;
				CLANG_WARN_OBJC_ROOT_CLASS = YES_ERROR;
				CLANG_WARN_QUOTED_INCLUDE_IN_FRAMEWORK_HEADER = YES;
				CLANG_WARN_RANGE_LOOP_ANALYSIS = YES;
				CLANG_WARN_STRICT_PROTOTYPES = YES;
				CLANG_WARN_SUSPICIOUS_MOVE = YES;
				CLANG_WARN_UNGUARDED_AVAILABILITY = YES_AGGRESSIVE;
				CLANG_WARN_UNREACHABLE_CODE = YES;
				CLANG_WARN__DUPLICATE_METHOD_MATCH = YES;
				COPY_PHASE_STRIP = NO;
				DEBUG_INFORMATION_FORMAT = dwarf;
				ENABLE_STRICT_OBJC_MSGSEND = YES;
				ENABLE_TESTABILITY = YES;
				GCC_C_LANGUAGE_STANDARD = gnu11;
				GCC_DYNAMIC_NO_PIC = NO;
				GCC_NO_COMMON_BLOCKS = YES;
				GCC_OPTIMIZATION_LEVEL = 0;
				GCC_PREPROCESSOR_DEFINITIONS = (
					"DEBUG=1",
					"$(inherited)",
				);
				GCC_WARN_64_TO_32_BIT_CONVERSION = YES;
				GCC_WARN_ABOUT_RETURN_TYPE = YES_ERROR;
				GCC_WARN_UNDECLARED_SELECTOR = YES;
				GCC_WARN_UNINITIALIZED_AUTOS = YES_AGGRESSIVE;
				GCC_WARN_UNUSED_FUNCTION = YES;
				GCC_WARN_UNUSED_VARIABLE = YES;
				IPHONEOS_DEPLOYMENT_TARGET = 14.4;
				MTL_ENABLE_DEBUG_INFO = INCLUDE_SOURCE;
				MTL_FAST_MATH = YES;
				ONLY_ACTIVE_ARCH = YES;
				SDKROOT = iphoneos;
				SWIFT_ACTIVE_COMPILATION_CONDITIONS = DEBUG;
				SWIFT_OPTIMIZATION_LEVEL = "-Onone";
			};
			name = Debug;
		};
		0F1C1F0B26542394004F67D5 /* Release */ = {
			isa = XCBuildConfiguration;
			buildSettings = {
				ALWAYS_SEARCH_USER_PATHS = NO;
				CLANG_ANALYZER_NONNULL = YES;
				CLANG_ANALYZER_NUMBER_OBJECT_CONVERSION = YES_AGGRESSIVE;
				CLANG_CXX_LANGUAGE_STANDARD = "gnu++14";
				CLANG_CXX_LIBRARY = "libc++";
				CLANG_ENABLE_MODULES = YES;
				CLANG_ENABLE_OBJC_ARC = YES;
				CLANG_ENABLE_OBJC_WEAK = YES;
				CLANG_WARN_BLOCK_CAPTURE_AUTORELEASING = YES;
				CLANG_WARN_BOOL_CONVERSION = YES;
				CLANG_WARN_COMMA = YES;
				CLANG_WARN_CONSTANT_CONVERSION = YES;
				CLANG_WARN_DEPRECATED_OBJC_IMPLEMENTATIONS = YES;
				CLANG_WARN_DIRECT_OBJC_ISA_USAGE = YES_ERROR;
				CLANG_WARN_DOCUMENTATION_COMMENTS = YES;
				CLANG_WARN_EMPTY_BODY = YES;
				CLANG_WARN_ENUM_CONVERSION = YES;
				CLANG_WARN_INFINITE_RECURSION = YES;
				CLANG_WARN_INT_CONVERSION = YES;
				CLANG_WARN_NON_LITERAL_NULL_CONVERSION = YES;
				CLANG_WARN_OBJC_IMPLICIT_RETAIN_SELF = YES;
				CLANG_WARN_OBJC_LITERAL_CONVERSION = YES;
				CLANG_WARN_OBJC_ROOT_CLASS = YES_ERROR;
				CLANG_WARN_QUOTED_INCLUDE_IN_FRAMEWORK_HEADER = YES;
				CLANG_WARN_RANGE_LOOP_ANALYSIS = YES;
				CLANG_WARN_STRICT_PROTOTYPES = YES;
				CLANG_WARN_SUSPICIOUS_MOVE = YES;
				CLANG_WARN_UNGUARDED_AVAILABILITY = YES_AGGRESSIVE;
				CLANG_WARN_UNREACHABLE_CODE = YES;
				CLANG_WARN__DUPLICATE_METHOD_MATCH = YES;
				COPY_PHASE_STRIP = NO;
				DEBUG_INFORMATION_FORMAT = "dwarf-with-dsym";
				ENABLE_NS_ASSERTIONS = NO;
				ENABLE_STRICT_OBJC_MSGSEND = YES;
				GCC_C_LANGUAGE_STANDARD = gnu11;
				GCC_NO_COMMON_BLOCKS = YES;
				GCC_WARN_64_TO_32_BIT_CONVERSION = YES;
				GCC_WARN_ABOUT_RETURN_TYPE = YES_ERROR;
				GCC_WARN_UNDECLARED_SELECTOR = YES;
				GCC_WARN_UNINITIALIZED_AUTOS = YES_AGGRESSIVE;
				GCC_WARN_UNUSED_FUNCTION = YES;
				GCC_WARN_UNUSED_VARIABLE = YES;
				IPHONEOS_DEPLOYMENT_TARGET = 14.4;
				MTL_ENABLE_DEBUG_INFO = NO;
				MTL_FAST_MATH = YES;
				SDKROOT = iphoneos;
				SWIFT_COMPILATION_MODE = wholemodule;
				SWIFT_OPTIMIZATION_LEVEL = "-O";
				VALIDATE_PRODUCT = YES;
			};
			name = Release;
		};
		0F1C1F0D26542394004F67D5 /* Debug */ = {
			isa = XCBuildConfiguration;
			buildSettings = {
				ASSETCATALOG_COMPILER_APPICON_NAME = AppIcon;
				ASSETCATALOG_COMPILER_GLOBAL_ACCENT_COLOR_NAME = AccentColor;
				CODE_SIGN_STYLE = Automatic;
				DEVELOPMENT_TEAM = 7BHCDJ55EZ;
				INFOPLIST_FILE = dashcam/Info.plist;
				IPHONEOS_DEPLOYMENT_TARGET = 13.6;
				LD_RUNPATH_SEARCH_PATHS = (
					"$(inherited)",
					"@executable_path/Frameworks",
				);
				PRODUCT_BUNDLE_IDENTIFIER = com.babu.dashcam;
				PRODUCT_NAME = "$(TARGET_NAME)";
				SWIFT_VERSION = 5.0;
				TARGETED_DEVICE_FAMILY = "1,2";
			};
			name = Debug;
		};
		0F1C1F0E26542394004F67D5 /* Release */ = {
			isa = XCBuildConfiguration;
			buildSettings = {
				ASSETCATALOG_COMPILER_APPICON_NAME = AppIcon;
				ASSETCATALOG_COMPILER_GLOBAL_ACCENT_COLOR_NAME = AccentColor;
				CODE_SIGN_STYLE = Automatic;
				DEVELOPMENT_TEAM = 7BHCDJ55EZ;
				INFOPLIST_FILE = dashcam/Info.plist;
				IPHONEOS_DEPLOYMENT_TARGET = 13.6;
				LD_RUNPATH_SEARCH_PATHS = (
					"$(inherited)",
					"@executable_path/Frameworks",
				);
				PRODUCT_BUNDLE_IDENTIFIER = com.babu.dashcam;
				PRODUCT_NAME = "$(TARGET_NAME)";
				SWIFT_VERSION = 5.0;
				TARGETED_DEVICE_FAMILY = "1,2";
			};
			name = Release;
		};
/* End XCBuildConfiguration section */

/* Begin XCConfigurationList section */
		0F1C1EF326542393004F67D5 /* Build configuration list for PBXProject "dashcam" */ = {
			isa = XCConfigurationList;
			buildConfigurations = (
				0F1C1F0A26542394004F67D5 /* Debug */,
				0F1C1F0B26542394004F67D5 /* Release */,
			);
			defaultConfigurationIsVisible = 0;
			defaultConfigurationName = Release;
		};
		0F1C1F0C26542394004F67D5 /* Build configuration list for PBXNativeTarget "dashcam" */ = {
			isa = XCConfigurationList;
			buildConfigurations = (
				0F1C1F0D26542394004F67D5 /* Debug */,
				0F1C1F0E26542394004F67D5 /* Release */,
			);
			defaultConfigurationIsVisible = 0;
			defaultConfigurationName = Release;
		};
/* End XCConfigurationList section */
	};
	rootObject = 0F1C1EF026542393004F67D5 /* Project object */;
}
